
Microsoft Visual Studio Solution File, Format Version 12.00
# Visual Studio Version 17
VisualStudioVersion = 17.14.36221.1 d17.14
MinimumVisualStudioVersion = 10.0.40219.1
Project("{FAE04EC0-301F-11D3-BF4B-00C04F79EFBC}") = "buildapp", "buildapp\buildapp.csproj", "{2024A8D5-DB96-4967-81D9-8AD733A896C6}"
EndProject
Global
	GlobalSection(SolutionConfigurationPlatforms) = preSolution
		Debug|Any CPU = Debug|Any CPU
		Release|Any CPU = Release|Any CPU
	EndGlobalSection
	GlobalSection(ProjectConfigurationPlatforms) = postSolution
		{2024A8D5-DB96-4967-81D9-8AD733A896C6}.Debug|Any CPU.ActiveCfg = Debug|Any CPU
		{2024A8D5-DB96-4967-81D9-8AD733A896C6}.Debug|Any CPU.Build.0 = Debug|Any CPU
		{2024A8D5-DB96-4967-81D9-8AD733A896C6}.Release|Any CPU.ActiveCfg = Release|Any CPU
		{2024A8D5-DB96-4967-81D9-8AD733A896C6}.Release|Any CPU.Build.0 = Release|Any CPU
	EndGlobalSection
	GlobalSection(SolutionProperties) = preSolution
		HideSolutionNode = FALSE
	EndGlobalSection
	GlobalSection(ExtensibilityGlobals) = postSolution
		SolutionGuid = {6DAC852A-B71F-4358-A1AD-03BAAD82BA50}
	EndGlobalSection
EndGlobal
